
Microsoft Visual Studio Solution File, Format Version 12.00
# Visual Studio Version 17
VisualStudioVersion = 17.8.34525.116
MinimumVisualStudioVersion = 10.0.40219.1
Project("{FAE04EC0-301F-11D3-BF4B-00C04F79EFBC}") = "athena.api", "athena.api\athena.api.csproj", "{C2C7F4BC-C9C6-4CF3-8C81-048622F299FC}"
EndProject
Global
	GlobalSection(SolutionConfigurationPlatforms) = preSolution
		Debug|Any CPU = Debug|Any CPU
		Release|Any CPU = Release|Any CPU
	EndGlobalSection
	GlobalSection(ProjectConfigurationPlatforms) = postSolution
		{C2C7F4BC-C9C6-4CF3-8C81-048622F299FC}.Debug|Any CPU.ActiveCfg = Debug|Any CPU
		{C2C7F4BC-C9C6-4CF3-8C81-048622F299FC}.Debug|Any CPU.Build.0 = Debug|Any CPU
		{C2C7F4BC-C9C6-4CF3-8C81-048622F299FC}.Release|Any CPU.ActiveCfg = Release|Any CPU
		{C2C7F4BC-C9C6-4CF3-8C81-048622F299FC}.Release|Any CPU.Build.0 = Release|Any CPU
	EndGlobalSection
	GlobalSection(SolutionProperties) = preSolution
		HideSolutionNode = FALSE
	EndGlobalSection
	GlobalSection(ExtensibilityGlobals) = postSolution
		SolutionGuid = {2ADB7945-F833-458F-A153-B88D3B47EB24}
	EndGlobalSection
EndGlobal
