
Microsoft Visual Studio Solution File, Format Version 12.00
# Visual Studio Version 17
VisualStudioVersion = 17.8.34330.188
MinimumVisualStudioVersion = 10.0.40219.1
Project("{FAE04EC0-301F-11D3-BF4B-00C04F79EFBC}") = "Athena", "Athena\Athena.csproj", "{5D6D1252-5D8C-490C-A922-43F1F5D848A5}"
EndProject
Project("{FAE04EC0-301F-11D3-BF4B-00C04F79EFBC}") = "Athena.Management", "Athena.Management\Athena.Management.csproj", "{75C5E324-60EA-435F-8A8D-94BAFD8FCFBC}"
EndProject
Global
	GlobalSection(SolutionConfigurationPlatforms) = preSolution
		Debug|Any CPU = Debug|Any CPU
		Release|Any CPU = Release|Any CPU
	EndGlobalSection
	GlobalSection(ProjectConfigurationPlatforms) = postSolution
		{5D6D1252-5D8C-490C-A922-43F1F5D848A5}.Debug|Any CPU.ActiveCfg = Debug|Any CPU
		{5D6D1252-5D8C-490C-A922-43F1F5D848A5}.Debug|Any CPU.Build.0 = Debug|Any CPU
		{5D6D1252-5D8C-490C-A922-43F1F5D848A5}.Release|Any CPU.ActiveCfg = Release|Any CPU
		{5D6D1252-5D8C-490C-A922-43F1F5D848A5}.Release|Any CPU.Build.0 = Release|Any CPU
		{75C5E324-60EA-435F-8A8D-94BAFD8FCFBC}.Debug|Any CPU.ActiveCfg = Debug|Any CPU
		{75C5E324-60EA-435F-8A8D-94BAFD8FCFBC}.Debug|Any CPU.Build.0 = Debug|Any CPU
		{75C5E324-60EA-435F-8A8D-94BAFD8FCFBC}.Release|Any CPU.ActiveCfg = Release|Any CPU
		{75C5E324-60EA-435F-8A8D-94BAFD8FCFBC}.Release|Any CPU.Build.0 = Release|Any CPU
	EndGlobalSection
	GlobalSection(SolutionProperties) = preSolution
		HideSolutionNode = FALSE
	EndGlobalSection
	GlobalSection(ExtensibilityGlobals) = postSolution
		SolutionGuid = {3A824B7B-E217-4F40-8C8C-FFE214515500}
	EndGlobalSection
EndGlobal
